
Microsoft Visual Studio Solution File, Format Version 12.00
# Visual Studio Version 17
VisualStudioVersion = 17.11.35327.3
MinimumVisualStudioVersion = 10.0.40219.1
Project("{FAE04EC0-301F-11D3-BF4B-00C04F79EFBC}") = "TimeCrier", "TimeCrier.csproj", "{4CF13252-524C-4933-A6A0-FF1F4060C30F}"
EndProject
Global
	GlobalSection(SolutionConfigurationPlatforms) = preSolution
		Debug|Any CPU = Debug|Any CPU
		Release|Any CPU = Release|Any CPU
	EndGlobalSection
	GlobalSection(ProjectConfigurationPlatforms) = postSolution
		{4CF13252-524C-4933-A6A0-FF1F4060C30F}.Debug|Any CPU.ActiveCfg = Debug|Any CPU
		{4CF13252-524C-4933-A6A0-FF1F4060C30F}.Debug|Any CPU.Build.0 = Debug|Any CPU
		{4CF13252-524C-4933-A6A0-FF1F4060C30F}.Release|Any CPU.ActiveCfg = Release|Any CPU
		{4CF13252-524C-4933-A6A0-FF1F4060C30F}.Release|Any CPU.Build.0 = Release|Any CPU
	EndGlobalSection
	GlobalSection(SolutionProperties) = preSolution
		HideSolutionNode = FALSE
	EndGlobalSection
	GlobalSection(ExtensibilityGlobals) = postSolution
		SolutionGuid = {4D89EA88-F7F7-4742-B6DB-C617A295A528}
	EndGlobalSection
EndGlobal
